
Microsoft Visual Studio Solution File, Format Version 12.00
# Visual Studio Version 17
VisualStudioVersion = 17.2.32526.322
MinimumVisualStudioVersion = 10.0.40219.1
Project("{FAE04EC0-301F-11D3-BF4B-00C04F79EFBC}") = "BookStoreApp", "BookStoreApp\BookStoreApp.csproj", "{F7A12980-E201-4787-A913-DC442D11C006}"
EndProject
Project("{FAE04EC0-301F-11D3-BF4B-00C04F79EFBC}") = "BusinessLayer", "BusinessLayer\BusinessLayer.csproj", "{66407F6A-8575-4E49-B322-3F450D4233CA}"
EndProject
Project("{FAE04EC0-301F-11D3-BF4B-00C04F79EFBC}") = "CommonLayer", "CommonLayer\CommonLayer.csproj", "{76FD1DBB-F6D0-4517-BDED-D37E438B73A7}"
EndProject
Project("{FAE04EC0-301F-11D3-BF4B-00C04F79EFBC}") = "RepositoryLayer", "RepositoryLayer\RepositoryLayer.csproj", "{BD23BC2F-944C-4FA6-AA6B-11CB15949B1C}"
EndProject
Global
	GlobalSection(SolutionConfigurationPlatforms) = preSolution
		Debug|Any CPU = Debug|Any CPU
		Release|Any CPU = Release|Any CPU
	EndGlobalSection
	GlobalSection(ProjectConfigurationPlatforms) = postSolution
		{F7A12980-E201-4787-A913-DC442D11C006}.Debug|Any CPU.ActiveCfg = Debug|Any CPU
		{F7A12980-E201-4787-A913-DC442D11C006}.Debug|Any CPU.Build.0 = Debug|Any CPU
		{F7A12980-E201-4787-A913-DC442D11C006}.Release|Any CPU.ActiveCfg = Release|Any CPU
		{F7A12980-E201-4787-A913-DC442D11C006}.Release|Any CPU.Build.0 = Release|Any CPU
		{66407F6A-8575-4E49-B322-3F450D4233CA}.Debug|Any CPU.ActiveCfg = Debug|Any CPU
		{66407F6A-8575-4E49-B322-3F450D4233CA}.Debug|Any CPU.Build.0 = Debug|Any CPU
		{66407F6A-8575-4E49-B322-3F450D4233CA}.Release|Any CPU.ActiveCfg = Release|Any CPU
		{66407F6A-8575-4E49-B322-3F450D4233CA}.Release|Any CPU.Build.0 = Release|Any CPU
		{76FD1DBB-F6D0-4517-BDED-D37E438B73A7}.Debug|Any CPU.ActiveCfg = Debug|Any CPU
		{76FD1DBB-F6D0-4517-BDED-D37E438B73A7}.Debug|Any CPU.Build.0 = Debug|Any CPU
		{76FD1DBB-F6D0-4517-BDED-D37E438B73A7}.Release|Any CPU.ActiveCfg = Release|Any CPU
		{76FD1DBB-F6D0-4517-BDED-D37E438B73A7}.Release|Any CPU.Build.0 = Release|Any CPU
		{BD23BC2F-944C-4FA6-AA6B-11CB15949B1C}.Debug|Any CPU.ActiveCfg = Debug|Any CPU
		{BD23BC2F-944C-4FA6-AA6B-11CB15949B1C}.Debug|Any CPU.Build.0 = Debug|Any CPU
		{BD23BC2F-944C-4FA6-AA6B-11CB15949B1C}.Release|Any CPU.ActiveCfg = Release|Any CPU
		{BD23BC2F-944C-4FA6-AA6B-11CB15949B1C}.Release|Any CPU.Build.0 = Release|Any CPU
	EndGlobalSection
	GlobalSection(SolutionProperties) = preSolution
		HideSolutionNode = FALSE
	EndGlobalSection
	GlobalSection(ExtensibilityGlobals) = postSolution
		SolutionGuid = {0A743901-36AD-425A-9171-358FBBFB7BF7}
	EndGlobalSection
EndGlobal
